#MicroXplorer Configuration settings - do not modify
CAD.formats=
CAD.pinconfig=
CAD.provider=
Dma.Request0=TIM3_CH1/TRIG
Dma.Request1=TIM4_CH3
Dma.RequestsNb=2
Dma.TIM3_CH1/TRIG.0.Direction=DMA_MEMORY_TO_PERIPH
Dma.TIM3_CH1/TRIG.0.FIFOMode=DMA_FIFOMODE_DISABLE
Dma.TIM3_CH1/TRIG.0.Instance=DMA1_Stream4
Dma.TIM3_CH1/TRIG.0.MemDataAlignment=DMA_MDATAALIGN_HALFWORD
Dma.TIM3_CH1/TRIG.0.MemInc=DMA_MINC_ENABLE
Dma.TIM3_CH1/TRIG.0.Mode=DMA_NORMAL
Dma.TIM3_CH1/TRIG.0.PeriphDataAlignment=DMA_PDATAALIGN_HALFWORD
Dma.TIM3_CH1/TRIG.0.PeriphInc=DMA_PINC_DISABLE
Dma.TIM3_CH1/TRIG.0.Priority=DMA_PRIORITY_LOW
Dma.TIM3_CH1/TRIG.0.RequestParameters=Instance,Direction,PeriphInc,MemInc,PeriphDataAlignment,MemDataAlignment,Mode,Priority,FIFOMode
Dma.TIM4_CH3.1.Direction=DMA_MEMORY_TO_PERIPH
Dma.TIM4_CH3.1.FIFOMode=DMA_FIFOMODE_DISABLE
Dma.TIM4_CH3.1.Instance=DMA1_Stream7
Dma.TIM4_CH3.1.MemDataAlignment=DMA_MDATAALIGN_HALFWORD
Dma.TIM4_CH3.1.MemInc=DMA_MINC_ENABLE
Dma.TIM4_CH3.1.Mode=DMA_NORMAL
Dma.TIM4_CH3.1.PeriphDataAlignment=DMA_PDATAALIGN_HALFWORD
Dma.TIM4_CH3.1.PeriphInc=DMA_PINC_DISABLE
Dma.TIM4_CH3.1.Priority=DMA_PRIORITY_HIGH
Dma.TIM4_CH3.1.RequestParameters=Instance,Direction,PeriphInc,MemInc,PeriphDataAlignment,MemDataAlignment,Mode,Priority,FIFOMode
File.Version=6
GPIO.groupedBy=Group By Peripherals
KeepUserPlacement=false
Mcu.CPN=STM32F413RGT6
Mcu.Family=STM32F4
Mcu.IP0=DMA
Mcu.IP1=NVIC
Mcu.IP2=RCC
Mcu.IP3=SYS
Mcu.IP4=TIM1
Mcu.IP5=TIM3
Mcu.IP6=TIM4
Mcu.IP7=TIM6
Mcu.IP8=USB_DEVICE
Mcu.IP9=USB_OTG_FS
Mcu.IPNb=10
Mcu.Name=STM32F413R(G-H)Tx
Mcu.Package=LQFP64
Mcu.Pin0=PH0 - OSC_IN
Mcu.Pin1=PH1 - OSC_OUT
Mcu.Pin10=PA10
Mcu.Pin11=PA11
Mcu.Pin12=PA12
Mcu.Pin13=PA13
Mcu.Pin14=PA14
Mcu.Pin15=PB3
Mcu.Pin16=PB4
Mcu.Pin17=PB5
Mcu.Pin18=PB8
Mcu.Pin19=PB9
Mcu.Pin2=PA2
Mcu.Pin20=VP_SYS_VS_Systick
Mcu.Pin21=VP_TIM4_VS_ClockSourceINT
Mcu.Pin22=VP_TIM6_VS_ClockSourceINT
Mcu.Pin23=VP_USB_DEVICE_VS_USB_DEVICE_HID_FS
Mcu.Pin3=PA6
Mcu.Pin4=PB0
Mcu.Pin5=PB1
Mcu.Pin6=PB2
Mcu.Pin7=PC7
Mcu.Pin8=PA8
Mcu.Pin9=PA9
Mcu.PinsNb=24
Mcu.ThirdPartyNb=0
Mcu.UserConstants=
Mcu.UserName=STM32F413RGTx
MxCube.Version=6.14.1
MxDb.Version=DB.6.0.141
NVIC.BusFault_IRQn=true\:0\:0\:false\:false\:true\:false\:false\:false
NVIC.DMA1_Stream4_IRQn=true\:0\:0\:false\:false\:true\:false\:true\:true
NVIC.DMA1_Stream7_IRQn=true\:0\:0\:false\:false\:true\:false\:true\:true
NVIC.DebugMonitor_IRQn=true\:0\:0\:false\:false\:true\:false\:false\:false
NVIC.ForceEnableDMAVector=true
NVIC.HardFault_IRQn=true\:0\:0\:false\:false\:true\:false\:false\:false
NVIC.MemoryManagement_IRQn=true\:0\:0\:false\:false\:true\:false\:false\:false
NVIC.NonMaskableInt_IRQn=true\:0\:0\:false\:false\:true\:false\:false\:false
NVIC.OTG_FS_IRQn=true\:0\:0\:false\:false\:true\:false\:true\:true
NVIC.PendSV_IRQn=true\:0\:0\:false\:false\:true\:false\:false\:false
NVIC.PriorityGroup=NVIC_PRIORITYGROUP_4
NVIC.SVCall_IRQn=true\:0\:0\:false\:false\:true\:false\:false\:false
NVIC.SysTick_IRQn=true\:15\:0\:false\:false\:true\:false\:true\:false
NVIC.TIM6_DAC_IRQn=true\:0\:0\:false\:false\:true\:true\:true\:true
NVIC.UsageFault_IRQn=true\:0\:0\:false\:false\:true\:false\:false\:false
PA10.GPIOParameters=GPIO_PuPd,GPIO_Label
PA10.GPIO_Label=Encoder_SW
PA10.GPIO_PuPd=GPIO_PULLUP
PA10.Locked=true
PA10.Signal=GPIO_Input
PA11.Mode=Device_Only
PA11.Signal=USB_OTG_FS_DM
PA12.Mode=Device_Only
PA12.Signal=USB_OTG_FS_DP
PA13.Mode=Serial_Wire
PA13.Signal=SYS_JTMS-SWDIO
PA14.Mode=Serial_Wire
PA14.Signal=SYS_JTCK-SWCLK
PA2.GPIOParameters=GPIO_PuPd,GPIO_Label
PA2.GPIO_Label=SpaceL
PA2.GPIO_PuPd=GPIO_PULLUP
PA2.Locked=true
PA2.Signal=GPIO_Input
PA6.Signal=S_TIM3_CH1
PA8.Signal=S_TIM1_CH1
PA9.Locked=true
PA9.Signal=S_TIM1_CH2
PB0.GPIOParameters=GPIO_PuPd,GPIO_Label
PB0.GPIO_Label=SW0
PB0.GPIO_PuPd=GPIO_PULLUP
PB0.Locked=true
PB0.Signal=GPXTI0
PB1.GPIOParameters=GPIO_PuPd,GPIO_Label
PB1.GPIO_Label=SW1
PB1.GPIO_PuPd=GPIO_PULLUP
PB1.Locked=true
PB1.Signal=GPXTI1
PB2.GPIOParameters=GPIO_PuPd,GPIO_Label
PB2.GPIO_Label=SW2
PB2.GPIO_PuPd=GPIO_PULLUP
PB2.Locked=true
PB2.Signal=GPIO_Input
PB3.GPIOParameters=GPIO_PuPd,GPIO_Label
PB3.GPIO_Label=SW3
PB3.GPIO_PuPd=GPIO_PULLUP
PB3.Locked=true
PB3.Signal=GPIO_Input
PB4.GPIOParameters=GPIO_PuPd,GPIO_Label
PB4.GPIO_Label=SW4
PB4.GPIO_PuPd=GPIO_PULLUP
PB4.Locked=true
PB4.Signal=GPIO_Input
PB5.GPIOParameters=GPIO_PuPd,GPIO_Label
PB5.GPIO_Label=SW5
PB5.GPIO_PuPd=GPIO_PULLUP
PB5.Locked=true
PB5.Signal=GPIO_Input
PB8.Locked=true
PB8.Signal=S_TIM4_CH3
PB9.GPIOParameters=GPIO_PuPd,GPIO_Label
PB9.GPIO_Label=SpaceR
PB9.GPIO_PuPd=GPIO_PULLUP
PB9.Locked=true
PB9.Signal=GPIO_Input
PC7.GPIOParameters=GPIO_PuPd,GPIO_Label
PC7.GPIO_Label=Escape
PC7.GPIO_PuPd=GPIO_PULLUP
PC7.Locked=true
PC7.Signal=GPIO_Input
PH0\ -\ OSC_IN.Mode=HSE-External-Oscillator
PH0\ -\ OSC_IN.Signal=RCC_OSC_IN
PH1\ -\ OSC_OUT.Mode=HSE-External-Oscillator
PH1\ -\ OSC_OUT.Signal=RCC_OSC_OUT
PinOutPanel.RotationAngle=0
ProjectManager.AskForMigrate=true
ProjectManager.BackupPrevious=false
ProjectManager.CompilerLinker=GCC
ProjectManager.CompilerOptimize=6
ProjectManager.ComputerToolchain=false
ProjectManager.CoupleFile=true
ProjectManager.CustomerFirmwarePackage=
ProjectManager.DefaultFWLocation=true
ProjectManager.DeletePrevious=true
ProjectManager.DeviceId=STM32F413RGTx
ProjectManager.FirmwarePackage=STM32Cube FW_F4 V1.28.3
ProjectManager.FreePins=false
ProjectManager.HalAssertFull=false
ProjectManager.HeapSize=0x200
ProjectManager.KeepUserCode=true
ProjectManager.LastFirmware=true
ProjectManager.LibraryCopy=1
ProjectManager.MainLocation=Core/Src
ProjectManager.NoMain=false
ProjectManager.PreviousToolchain=
ProjectManager.ProjectBuild=false
ProjectManager.ProjectFileName=controller.ioc
ProjectManager.ProjectName=controller
ProjectManager.ProjectStructure=
ProjectManager.RegisterCallBack=
ProjectManager.StackSize=0x400
ProjectManager.TargetToolchain=Makefile
ProjectManager.ToolChainLocation=
ProjectManager.UAScriptAfterPath=
ProjectManager.UAScriptBeforePath=
ProjectManager.UnderRoot=false
ProjectManager.functionlistsort=1-SystemClock_Config-RCC-false-HAL-false,2-MX_GPIO_Init-GPIO-false-HAL-true,3-MX_DMA_Init-DMA-false-HAL-true,4-MX_TIM6_Init-TIM6-false-HAL-true,5-MX_USART1_UART_Init-USART1-false-HAL-true,6-MX_USB_DEVICE_Init-USB_DEVICE-false-HAL-false,7-MX_TIM1_Init-TIM1-false-HAL-true,8-MX_TIM3_Init-TIM3-false-HAL-true,9-MX_TIM4_Init-TIM4-false-HAL-true
RCC.AHBFreq_Value=96000000
RCC.APB1CLKDivider=RCC_HCLK_DIV2
RCC.APB1Freq_Value=48000000
RCC.APB1TimFreq_Value=96000000
RCC.APB2Freq_Value=96000000
RCC.APB2TimFreq_Value=96000000
RCC.CortexFreq_Value=96000000
RCC.DFSDM2AudioFreq_Value=72000000
RCC.DFSDM2Freq_Value=96000000
RCC.DFSDMAudioFreq_Value=72000000
RCC.DFSDMFreq_Value=96000000
RCC.FCLKCortexFreq_Value=96000000
RCC.FMPI2C1Freq_Value=48000000
RCC.FamilyName=M
RCC.HCLKFreq_Value=96000000
RCC.HSE_VALUE=12000000
RCC.I2S1Freq_Value=72000000
RCC.I2S2Freq_Value=72000000
RCC.IPParameters=AHBFreq_Value,APB1CLKDivider,APB1Freq_Value,APB1TimFreq_Value,APB2Freq_Value,APB2TimFreq_Value,CortexFreq_Value,DFSDM2AudioFreq_Value,DFSDM2Freq_Value,DFSDMAudioFreq_Value,DFSDMFreq_Value,FCLKCortexFreq_Value,FMPI2C1Freq_Value,FamilyName,HCLKFreq_Value,HSE_VALUE,I2S1Freq_Value,I2S2Freq_Value,LPTimerFreq_Value,MCO2PinFreq_Value,PLLCLKFreq_Value,PLLI2SQCLKFreq_Value,PLLI2SRCLKFreq_Value,PLLM,PLLQ,PLLQCLKFreq_Value,PLLQoutputFreq_Value,PLLRCLKFreq_Value,PLLRoutputFreq_Value,PWRFreq_Value,RNGFreq_Value,SAI1AFreq_Value,SAI1BFreq_Value,SDIOFreq_Value,SYSCLKFreq_VALUE,SYSCLKSource,USBFreq_Value,VCOI2SInputFreq_Value,VCOI2SOutputFreq_Value,VCOInputFreq_Value,VCOOutputFreq_Value
RCC.LPTimerFreq_Value=48000000
RCC.MCO2PinFreq_Value=96000000
RCC.PLLCLKFreq_Value=96000000
RCC.PLLI2SQCLKFreq_Value=72000000
RCC.PLLI2SRCLKFreq_Value=72000000
RCC.PLLM=12
RCC.PLLQ=4
RCC.PLLQCLKFreq_Value=48000000
RCC.PLLQoutputFreq_Value=48000000
RCC.PLLRCLKFreq_Value=96000000
RCC.PLLRoutputFreq_Value=96000000
RCC.PWRFreq_Value=96000000
RCC.RNGFreq_Value=48000000
RCC.SAI1AFreq_Value=12000000
RCC.SAI1BFreq_Value=12000000
RCC.SDIOFreq_Value=48000000
RCC.SYSCLKFreq_VALUE=96000000
RCC.SYSCLKSource=RCC_SYSCLKSOURCE_PLLCLK
RCC.USBFreq_Value=48000000
RCC.VCOI2SInputFreq_Value=750000
RCC.VCOI2SOutputFreq_Value=144000000
RCC.VCOInputFreq_Value=1000000
RCC.VCOOutputFreq_Value=192000000
SH.GPXTI0.0=GPIO_EXTI0
SH.GPXTI0.ConfNb=1
SH.GPXTI1.0=GPIO_EXTI1
SH.GPXTI1.ConfNb=1
SH.S_TIM1_CH1.0=TIM1_CH1,Encoder_Interface
SH.S_TIM1_CH1.ConfNb=1
SH.S_TIM1_CH2.0=TIM1_CH2,Encoder_Interface
SH.S_TIM1_CH2.ConfNb=1
SH.S_TIM3_CH1.0=TIM3_CH1,PWM Generation1 CH1
SH.S_TIM3_CH1.ConfNb=1
SH.S_TIM4_CH3.0=TIM4_CH3,PWM Generation3 CH3
SH.S_TIM4_CH3.ConfNb=1
TIM1.EncoderMode=TIM_ENCODERMODE_TI12
TIM1.IPParameters=EncoderMode
TIM3.Channel-PWM\ Generation1\ CH1=TIM_CHANNEL_1
TIM3.IPParameters=Channel-PWM Generation1 CH1,Prescaler,Period
TIM3.Period=48-1
TIM3.Prescaler=1
TIM4.Channel-PWM\ Generation3\ CH3=TIM_CHANNEL_3
TIM4.IPParameters=Channel-PWM Generation3 CH3,Prescaler,Period
TIM4.Period=48-1
TIM4.Prescaler=1
TIM6.IPParameters=Prescaler,Period
TIM6.Period=1000-1
TIM6.Prescaler=48-1
USB_DEVICE.CLASS_NAME_FS=HID
USB_DEVICE.HID_FS_BINTERVAL=0x1
USB_DEVICE.IPParameters=VirtualMode,VirtualModeFS,CLASS_NAME_FS,HID_FS_BINTERVAL
USB_DEVICE.VirtualMode=Hid
USB_DEVICE.VirtualModeFS=Hid_FS
USB_OTG_FS.IPParameters=VirtualMode
USB_OTG_FS.VirtualMode=Device_Only
VP_SYS_VS_Systick.Mode=SysTick
VP_SYS_VS_Systick.Signal=SYS_VS_Systick
VP_TIM4_VS_ClockSourceINT.Mode=Internal
VP_TIM4_VS_ClockSourceINT.Signal=TIM4_VS_ClockSourceINT
VP_TIM6_VS_ClockSourceINT.Mode=Enable_Timer
VP_TIM6_VS_ClockSourceINT.Signal=TIM6_VS_ClockSourceINT
VP_USB_DEVICE_VS_USB_DEVICE_HID_FS.Mode=HID_FS
VP_USB_DEVICE_VS_USB_DEVICE_HID_FS.Signal=USB_DEVICE_VS_USB_DEVICE_HID_FS
board=custom
